// !$*UTF8*$!
{
	archiveVersion = 1;
	classes = {
	};
	objectVersion = 48;
	objects = {

/* Begin PBXBuildFile section */
		AE76931A204A897A0034B2AB /* AppDelegate.swift in Sources */ = {isa = PBXBuildFile; fileRef = AE769319204A897A0034B2AB /* AppDelegate.swift */; };
		AE76931C204A897A0034B2AB /* ViewController.swift in Sources */ = {isa = PBXBuildFile; fileRef = AE76931B204A897A0034B2AB /* ViewController.swift */; };
		AE76931F204A897A0034B2AB /* Main.storyboard in Resources */ = {isa = PBXBuildFile; fileRef = AE76931D204A897A0034B2AB /* Main.storyboard */; };
		AE769321204A897A0034B2AB /* Assets.xcassets in Resources */ = {isa = PBXBuildFile; fileRef = AE769320204A897A0034B2AB /* Assets.xcassets */; };
		AE769324204A897A0034B2AB /* LaunchScreen.storyboard in Resources */ = {isa = PBXBuildFile; fileRef = AE769322204A897A0034B2AB /* LaunchScreen.storyboard */; };
		AE76932F204A897A0034B2AB /* CountTests.swift in Sources */ = {isa = PBXBuildFile; fileRef = AE76932E204A897A0034B2AB /* CountTests.swift */; };
		AE76933A204A897B0034B2AB /* CountUITests.swift in Sources */ = {isa = PBXBuildFile; fileRef = AE769339204A897B0034B2AB /* CountUITests.swift */; };
		AE769348204A8D0F0034B2AB /* Sky1.jpg in Resources */ = {isa = PBXBuildFile; fileRef = AE769347204A8D0E0034B2AB /* Sky1.jpg */; };
/* End PBXBuildFile section */

/* Begin PBXContainerItemProxy section */
		AE76932B204A897A0034B2AB /* PBXContainerItemProxy */ = {
			isa = PBXContainerItemProxy;
			containerPortal = AE76930E204A897A0034B2AB /* Project object */;
			proxyType = 1;
			remoteGlobalIDString = AE769315204A897A0034B2AB;
			remoteInfo = Count;
		};
		AE769336204A897A0034B2AB /* PBXContainerItemProxy */ = {
			isa = PBXContainerItemProxy;
			containerPortal = AE76930E204A897A0034B2AB /* Project object */;
			proxyType = 1;
			remoteGlobalIDString = AE769315204A897A0034B2AB;
			remoteInfo = Count;
		};
/* End PBXContainerItemProxy section */

/* Begin PBXFileReference section */
		AE769316204A897A0034B2AB /* Count.app */ = {isa = PBXFileReference; explicitFileType = wrapper.application; includeInIndex = 0; path = Count.app; sourceTree = BUILT_PRODUCTS_DIR; };
		AE769319204A897A0034B2AB /* AppDelegate.swift */ = {isa = PBXFileReference; lastKnownFileType = sourcecode.swift; path = AppDelegate.swift; sourceTree = "<group>"; };
		AE76931B204A897A0034B2AB /* ViewController.swift */ = {isa = PBXFileReference; lastKnownFileType = sourcecode.swift; path = ViewController.swift; sourceTree = "<group>"; };
		AE76931E204A897A0034B2AB /* Base */ = {isa = PBXFileReference; lastKnownFileType = file.storyboard; name = Base; path = Base.lproj/Main.storyboard; sourceTree = "<group>"; };
		AE769320204A897A0034B2AB /* Assets.xcassets */ = {isa = PBXFileReference; lastKnownFileType = folder.assetcatalog; path = Assets.xcassets; sourceTree = "<group>"; };
		AE769323204A897A0034B2AB /* Base */ = {isa = PBXFileReference; lastKnownFileType = file.storyboard; name = Base; path = Base.lproj/LaunchScreen.storyboard; sourceTree = "<group>"; };
		AE769325204A897A0034B2AB /* Info.plist */ = {isa = PBXFileReference; lastKnownFileType = text.plist.xml; path = Info.plist; sourceTree = "<group>"; };
		AE76932A204A897A0034B2AB /* CountTests.xctest */ = {isa = PBXFileReference; explicitFileType = wrapper.cfbundle; includeInIndex = 0; path = CountTests.xctest; sourceTree = BUILT_PRODUCTS_DIR; };
		AE76932E204A897A0034B2AB /* CountTests.swift */ = {isa = PBXFileReference; lastKnownFileType = sourcecode.swift; path = CountTests.swift; sourceTree = "<group>"; };
		AE769330204A897A0034B2AB /* Info.plist */ = {isa = PBXFileReference; lastKnownFileType = text.plist.xml; path = Info.plist; sourceTree = "<group>"; };
		AE769335204A897A0034B2AB /* CountUITests.xctest */ = {isa = PBXFileReference; explicitFileType = wrapper.cfbundle; includeInIndex = 0; path = CountUITests.xctest; sourceTree = BUILT_PRODUCTS_DIR; };
		AE769339204A897B0034B2AB /* CountUITests.swift */ = {isa = PBXFileReference; lastKnownFileType = sourcecode.swift; path = CountUITests.swift; sourceTree = "<group>"; };
		AE76933B204A897B0034B2AB /* Info.plist */ = {isa = PBXFileReference; lastKnownFileType = text.plist.xml; path = Info.plist; sourceTree = "<group>"; };
		AE769347204A8D0E0034B2AB /* Sky1.jpg */ = {isa = PBXFileReference; lastKnownFileType = image.jpeg; path = Sky1.jpg; sourceTree = "<group>"; };
/* End PBXFileReference section */

/* Begin PBXFrameworksBuildPhase section */
		AE769313204A897A0034B2AB /* Frameworks */ = {
			isa = PBXFrameworksBuildPhase;
			buildActionMask = 2147483647;
			files = (
			);
			runOnlyForDeploymentPostprocessing = 0;
		};
		AE769327204A897A0034B2AB /* Frameworks */ = {
			isa = PBXFrameworksBuildPhase;
			buildActionMask = 2147483647;
			files = (
			);
			runOnlyForDeploymentPostprocessing = 0;
		};
		AE769332204A897A0034B2AB /* Frameworks */ = {
			isa = PBXFrameworksBuildPhase;
			buildActionMask = 2147483647;
			files = (
			);
			runOnlyForDeploymentPostprocessing = 0;
		};
/* End PBXFrameworksBuildPhase section */

/* Begin PBXGroup section */
		AE76930D204A897A0034B2AB = {
			isa = PBXGroup;
			children = (
				AE769318204A897A0034B2AB /* Count */,
				AE76932D204A897A0034B2AB /* CountTests */,
				AE769338204A897A0034B2AB /* CountUITests */,
				AE769317204A897A0034B2AB /* Products */,
			);
			sourceTree = "<group>";
		};
		AE769317204A897A0034B2AB /* Products */ = {
			isa = PBXGroup;
			children = (
				AE769316204A897A0034B2AB /* Count.app */,
				AE76932A204A897A0034B2AB /* CountTests.xctest */,
				AE769335204A897A0034B2AB /* CountUITests.xctest */,
			);
			name = Products;
			sourceTree = "<group>";
		};
		AE769318204A897A0034B2AB /* Count */ = {
			isa = PBXGroup;
			children = (
				AE769347204A8D0E0034B2AB /* Sky1.jpg */,
				AE769319204A897A0034B2AB /* AppDelegate.swift */,
				AE76931B204A897A0034B2AB /* ViewController.swift */,
				AE76931D204A897A0034B2AB /* Main.storyboard */,
				AE769320204A897A0034B2AB /* Assets.xcassets */,
				AE769322204A897A0034B2AB /* LaunchScreen.storyboard */,
				AE769325204A897A0034B2AB /* Info.plist */,
			);
			path = Count;
			sourceTree = "<group>";
		};
		AE76932D204A897A0034B2AB /* CountTests */ = {
			isa = PBXGroup;
			children = (
				AE76932E204A897A0034B2AB /* CountTests.swift */,
				AE769330204A897A0034B2AB /* Info.plist */,
			);
			path = CountTests;
			sourceTree = "<group>";
		};
		AE769338204A897A0034B2AB /* CountUITests */ = {
			isa = PBXGroup;
			children = (
				AE769339204A897B0034B2AB /* CountUITests.swift */,
				AE76933B204A897B0034B2AB /* Info.plist */,
			);
			path = CountUITests;
			sourceTree = "<group>";
		};
/* End PBXGroup section */

/* Begin PBXNativeTarget section */
		AE769315204A897A0034B2AB /* Count */ = {
			isa = PBXNativeTarget;
			buildConfigurationList = AE76933E204A897B0034B2AB /* Build configuration list for PBXNativeTarget "Count" */;
			buildPhases = (
				AE769312204A897A0034B2AB /* Sources */,
				AE769313204A897A0034B2AB /* Frameworks */,
				AE769314204A897A0034B2AB /* Resources */,
			);
			buildRules = (
			);
			dependencies = (
			);
			name = Count;
			productName = Count;
			productReference = AE769316204A897A0034B2AB /* Count.app */;
			productType = "com.apple.product-type.application";
		};
		AE769329204A897A0034B2AB /* CountTests */ = {
			isa = PBXNativeTarget;
			buildConfigurationList = AE769341204A897B0034B2AB /* Build configuration list for PBXNativeTarget "CountTests" */;
			buildPhases = (
				AE769326204A897A0034B2AB /* Sources */,
				AE769327204A897A0034B2AB /* Frameworks */,
				AE769328204A897A0034B2AB /* Resources */,
			);
			buildRules = (
			);
			dependencies = (
				AE76932C204A897A0034B2AB /* PBXTargetDependency */,
			);
			name = CountTests;
			productName = CountTests;
			productReference = AE76932A204A897A0034B2AB /* CountTests.xctest */;
			productType = "com.apple.product-type.bundle.unit-test";
		};
		AE769334204A897A0034B2AB /* CountUITests */ = {
			isa = PBXNativeTarget;
			buildConfigurationList = AE769344204A897B0034B2AB /* Build configuration list for PBXNativeTarget "CountUITests" */;
			buildPhases = (
				AE769331204A897A0034B2AB /* Sources */,
				AE769332204A897A0034B2AB /* Frameworks */,
				AE769333204A897A0034B2AB /* Resources */,
			);
			buildRules = (
			);
			dependencies = (
				AE769337204A897A0034B2AB /* PBXTargetDependency */,
			);
			name = CountUITests;
			productName = CountUITests;
			productReference = AE769335204A897A0034B2AB /* CountUITests.xctest */;
			productType = "com.apple.product-type.bundle.ui-testing";
		};
/* End PBXNativeTarget section */

/* Begin PBXProject section */
		AE76930E204A897A0034B2AB /* Project object */ = {
			isa = PBXProject;
			attributes = {
				LastSwiftUpdateCheck = 0920;
				LastUpgradeCheck = 0920;
				ORGANIZATIONNAME = "Life is Tech!";
				TargetAttributes = {
					AE769315204A897A0034B2AB = {
						CreatedOnToolsVersion = 9.2;
						ProvisioningStyle = Automatic;
					};
					AE769329204A897A0034B2AB = {
						CreatedOnToolsVersion = 9.2;
						ProvisioningStyle = Automatic;
						TestTargetID = AE769315204A897A0034B2AB;
					};
					AE769334204A897A0034B2AB = {
						CreatedOnToolsVersion = 9.2;
						ProvisioningStyle = Automatic;
						TestTargetID = AE769315204A897A0034B2AB;
					};
				};
			};
			buildConfigurationList = AE769311204A897A0034B2AB /* Build configuration list for PBXProject "Count" */;
			compatibilityVersion = "Xcode 8.0";
			developmentRegion = en;
			hasScannedForEncodings = 0;
			knownRegions = (
				en,
				Base,
			);
			mainGroup = AE76930D204A897A0034B2AB;
			productRefGroup = AE769317204A897A0034B2AB /* Products */;
			projectDirPath = "";
			projectRoot = "";
			targets = (
				AE769315204A897A0034B2AB /* Count */,
				AE769329204A897A0034B2AB /* CountTests */,
				AE769334204A897A0034B2AB /* CountUITests */,
			);
		};
/* End PBXProject section */

/* Begin PBXResourcesBuildPhase section */
		AE769314204A897A0034B2AB /* Resources */ = {
			isa = PBXResourcesBuildPhase;
			buildActionMask = 2147483647;
			files = (
				AE769324204A897A0034B2AB /* LaunchScreen.storyboard in Resources */,
				AE769321204A897A0034B2AB /* Assets.xcassets in Resources */,
				AE76931F204A897A0034B2AB /* Main.storyboard in Resources */,
				AE769348204A8D0F0034B2AB /* Sky1.jpg in Resources */,
			);
			runOnlyForDeploymentPostprocessing = 0;
		};
		AE769328204A897A0034B2AB /* Resources */ = {
			isa = PBXResourcesBuildPhase;
			buildActionMask = 2147483647;
			files = (
			);
			runOnlyForDeploymentPostprocessing = 0;
		};
		AE769333204A897A0034B2AB /* Resources */ = {
			isa = PBXResourcesBuildPhase;
			buildActionMask = 2147483647;
			files = (
			);
			runOnlyForDeploymentPostprocessing = 0;
		};
/* End PBXResourcesBuildPhase section */

/* Begin PBXSourcesBuildPhase section */
		AE769312204A897A0034B2AB /* Sources */ = {
			isa = PBXSourcesBuildPhase;
			buildActionMask = 2147483647;
			files = (
				AE76931C204A897A0034B2AB /* ViewController.swift in Sources */,
				AE76931A204A897A0034B2AB /* AppDelegate.swift in Sources */,
			);
			runOnlyForDeploymentPostprocessing = 0;
		};
		AE769326204A897A0034B2AB /* Sources */ = {
			isa = PBXSourcesBuildPhase;
			buildActionMask = 2147483647;
			files = (
				AE76932F204A897A0034B2AB /* CountTests.swift in Sources */,
			);
			runOnlyForDeploymentPostprocessing = 0;
		};
		AE769331204A897A0034B2AB /* Sources */ = {
			isa = PBXSourcesBuildPhase;
			buildActionMask = 2147483647;
			files = (
				AE76933A204A897B0034B2AB /* CountUITests.swift in Sources */,
			);
			runOnlyForDeploymentPostprocessing = 0;
		};
/* End PBXSourcesBuildPhase section */

/* Begin PBXTargetDependency section */
		AE76932C204A897A0034B2AB /* PBXTargetDependency */ = {
			isa = PBXTargetDependency;
			target = AE769315204A897A0034B2AB /* Count */;
			targetProxy = AE76932B204A897A0034B2AB /* PBXContainerItemProxy */;
		};
		AE769337204A897A0034B2AB /* PBXTargetDependency */ = {
			isa = PBXTargetDependency;
			target = AE769315204A897A0034B2AB /* Count */;
			targetProxy = AE769336204A897A0034B2AB /* PBXContainerItemProxy */;
		};
/* End PBXTargetDependency section */

/* Begin PBXVariantGroup section */
		AE76931D204A897A0034B2AB /* Main.storyboard */ = {
			isa = PBXVariantGroup;
			children = (
				AE76931E204A897A0034B2AB /* Base */,
			);
			name = Main.storyboard;
			sourceTree = "<group>";
		};
		AE769322204A897A0034B2AB /* LaunchScreen.storyboard */ = {
			isa = PBXVariantGroup;
			children = (
				AE769323204A897A0034B2AB /* Base */,
			);
			name = LaunchScreen.storyboard;
			sourceTree = "<group>";
		};
/* End PBXVariantGroup section */

/* Begin XCBuildConfiguration section */
		AE76933C204A897B0034B2AB /* Debug */ = {
			isa = XCBuildConfiguration;
			buildSettings = {
				ALWAYS_SEARCH_USER_PATHS = NO;
				CLANG_ANALYZER_NONNULL = YES;
				CLANG_ANALYZER_NUMBER_OBJECT_CONVERSION = YES_AGGRESSIVE;
				CLANG_CXX_LANGUAGE_STANDARD = "gnu++14";
				CLANG_CXX_LIBRARY = "libc++";
				CLANG_ENABLE_MODULES = YES;
				CLANG_ENABLE_OBJC_ARC = YES;
				CLANG_WARN_BLOCK_CAPTURE_AUTORELEASING = YES;
				CLANG_WARN_BOOL_CONVERSION = YES;
				CLANG_WARN_COMMA = YES;
				CLANG_WARN_CONSTANT_CONVERSION = YES;
				CLANG_WARN_DIRECT_OBJC_ISA_USAGE = YES_ERROR;
				CLANG_WARN_DOCUMENTATION_COMMENTS = YES;
				CLANG_WARN_EMPTY_BODY = YES;
				CLANG_WARN_ENUM_CONVERSION = YES;
				CLANG_WARN_INFINITE_RECURSION = YES;
				CLANG_WARN_INT_CONVERSION = YES;
				CLANG_WARN_NON_LITERAL_NULL_CONVERSION = YES;
				CLANG_WARN_OBJC_LITERAL_CONVERSION = YES;
				CLANG_WARN_OBJC_ROOT_CLASS = YES_ERROR;
				CLANG_WARN_RANGE_LOOP_ANALYSIS = YES;
				CLANG_WARN_STRICT_PROTOTYPES = YES;
				CLANG_WARN_SUSPICIOUS_MOVE = YES;
				CLANG_WARN_UNGUARDED_AVAILABILITY = YES_AGGRESSIVE;
				CLANG_WARN_UNREACHABLE_CODE = YES;
				CLANG_WARN__DUPLICATE_METHOD_MATCH = YES;
				CODE_SIGN_IDENTITY = "iPhone Developer";
				COPY_PHASE_STRIP = NO;
				DEBUG_INFORMATION_FORMAT = dwarf;
				ENABLE_STRICT_OBJC_MSGSEND = YES;
				ENABLE_TESTABILITY = YES;
				GCC_C_LANGUAGE_STANDARD = gnu11;
				GCC_DYNAMIC_NO_PIC = NO;
				GCC_NO_COMMON_BLOCKS = YES;
				GCC_OPTIMIZATION_LEVEL = 0;
				GCC_PREPROCESSOR_DEFINITIONS = (
					"DEBUG=1",
					"$(inherited)",
				);
				GCC_WARN_64_TO_32_BIT_CONVERSION = YES;
				GCC_WARN_ABOUT_RETURN_TYPE = YES_ERROR;
				GCC_WARN_UNDECLARED_SELECTOR = YES;
				GCC_WARN_UNINITIALIZED_AUTOS = YES_AGGRESSIVE;
				GCC_WARN_UNUSED_FUNCTION = YES;
				GCC_WARN_UNUSED_VARIABLE = YES;
				IPHONEOS_DEPLOYMENT_TARGET = 11.2;
				MTL_ENABLE_DEBUG_INFO = YES;
				ONLY_ACTIVE_ARCH = YES;
				SDKROOT = iphoneos;
				SWIFT_ACTIVE_COMPILATION_CONDITIONS = DEBUG;
				SWIFT_OPTIMIZATION_LEVEL = "-Onone";
			};
			name = Debug;
		};
		AE76933D204A897B0034B2AB /* Release */ = {
			isa = XCBuildConfiguration;
			buildSettings = {
				ALWAYS_SEARCH_USER_PATHS = NO;
				CLANG_ANALYZER_NONNULL = YES;
				CLANG_ANALYZER_NUMBER_OBJECT_CONVERSION = YES_AGGRESSIVE;
				CLANG_CXX_LANGUAGE_STANDARD = "gnu++14";
				CLANG_CXX_LIBRARY = "libc++";
				CLANG_ENABLE_MODULES = YES;
				CLANG_ENABLE_OBJC_ARC = YES;
				CLANG_WARN_BLOCK_CAPTURE_AUTORELEASING = YES;
				CLANG_WARN_BOOL_CONVERSION = YES;
				CLANG_WARN_COMMA = YES;
				CLANG_WARN_CONSTANT_CONVERSION = YES;
				CLANG_WARN_DIRECT_OBJC_ISA_USAGE = YES_ERROR;
				CLANG_WARN_DOCUMENTATION_COMMENTS = YES;
				CLANG_WARN_EMPTY_BODY = YES;
				CLANG_WARN_ENUM_CONVERSION = YES;
				CLANG_WARN_INFINITE_RECURSION = YES;
				CLANG_WARN_INT_CONVERSION = YES;
				CLANG_WARN_NON_LITERAL_NULL_CONVERSION = YES;
				CLANG_WARN_OBJC_LITERAL_CONVERSION = YES;
				CLANG_WARN_OBJC_ROOT_CLASS = YES_ERROR;
				CLANG_WARN_RANGE_LOOP_ANALYSIS = YES;
				CLANG_WARN_STRICT_PROTOTYPES = YES;
				CLANG_WARN_SUSPICIOUS_MOVE = YES;
				CLANG_WARN_UNGUARDED_AVAILABILITY = YES_AGGRESSIVE;
				CLANG_WARN_UNREACHABLE_CODE = YES;
				CLANG_WARN__DUPLICATE_METHOD_MATCH = YES;
				CODE_SIGN_IDENTITY = "iPhone Developer";
				COPY_PHASE_STRIP = NO;
				DEBUG_INFORMATION_FORMAT = "dwarf-with-dsym";
				ENABLE_NS_ASSERTIONS = NO;
				ENABLE_STRICT_OBJC_MSGSEND = YES;
				GCC_C_LANGUAGE_STANDARD = gnu11;
				GCC_NO_COMMON_BLOCKS = YES;
				GCC_WARN_64_TO_32_BIT_CONVERSION = YES;
				GCC_WARN_ABOUT_RETURN_TYPE = YES_ERROR;
				GCC_WARN_UNDECLARED_SELECTOR = YES;
				GCC_WARN_UNINITIALIZED_AUTOS = YES_AGGRESSIVE;
				GCC_WARN_UNUSED_FUNCTION = YES;
				GCC_WARN_UNUSED_VARIABLE = YES;
				IPHONEOS_DEPLOYMENT_TARGET = 11.2;
				MTL_ENABLE_DEBUG_INFO = NO;
				SDKROOT = iphoneos;
				SWIFT_OPTIMIZATION_LEVEL = "-Owholemodule";
				VALIDATE_PRODUCT = YES;
			};
			name = Release;
		};
		AE76933F204A897B0034B2AB /* Debug */ = {
			isa = XCBuildConfiguration;
			buildSettings = {
				ASSETCATALOG_COMPILER_APPICON_NAME = AppIcon;
				CODE_SIGN_STYLE = Automatic;
				INFOPLIST_FILE = Count/Info.plist;
				LD_RUNPATH_SEARCH_PATHS = "$(inherited) @executable_path/Frameworks";
				PRODUCT_BUNDLE_IDENTIFIER = com.litech.Count;
				PRODUCT_NAME = "$(TARGET_NAME)";
				SWIFT_VERSION = 4.0;
				TARGETED_DEVICE_FAMILY = "1,2";
			};
			name = Debug;
		};
		AE769340204A897B0034B2AB /* Release */ = {
			isa = XCBuildConfiguration;
			buildSettings = {
				ASSETCATALOG_COMPILER_APPICON_NAME = AppIcon;
				CODE_SIGN_STYLE = Automatic;
				INFOPLIST_FILE = Count/Info.plist;
				LD_RUNPATH_SEARCH_PATHS = "$(inherited) @executable_path/Frameworks";
				PRODUCT_BUNDLE_IDENTIFIER = com.litech.Count;
				PRODUCT_NAME = "$(TARGET_NAME)";
				SWIFT_VERSION = 4.0;
				TARGETED_DEVICE_FAMILY = "1,2";
			};
			name = Release;
		};
		AE769342204A897B0034B2AB /* Debug */ = {
			isa = XCBuildConfiguration;
			buildSettings = {
				ALWAYS_EMBED_SWIFT_STANDARD_LIBRARIES = YES;
				BUNDLE_LOADER = "$(TEST_HOST)";
				CODE_SIGN_STYLE = Automatic;
				INFOPLIST_FILE = CountTests/Info.plist;
				LD_RUNPATH_SEARCH_PATHS = "$(inherited) @executable_path/Frameworks @loader_path/Frameworks";
				PRODUCT_BUNDLE_IDENTIFIER = com.litech.CountTests;
				PRODUCT_NAME = "$(TARGET_NAME)";
				SWIFT_VERSION = 4.0;
				TARGETED_DEVICE_FAMILY = "1,2";
				TEST_HOST = "$(BUILT_PRODUCTS_DIR)/Count.app/Count";
			};
			name = Debug;
		};
		AE769343204A897B0034B2AB /* Release */ = {
			isa = XCBuildConfiguration;
			buildSettings = {
				ALWAYS_EMBED_SWIFT_STANDARD_LIBRARIES = YES;
				BUNDLE_LOADER = "$(TEST_HOST)";
				CODE_SIGN_STYLE = Automatic;
				INFOPLIST_FILE = CountTests/Info.plist;
				LD_RUNPATH_SEARCH_PATHS = "$(inherited) @executable_path/Frameworks @loader_path/Frameworks";
				PRODUCT_BUNDLE_IDENTIFIER = com.litech.CountTests;
				PRODUCT_NAME = "$(TARGET_NAME)";
				SWIFT_VERSION = 4.0;
				TARGETED_DEVICE_FAMILY = "1,2";
				TEST_HOST = "$(BUILT_PRODUCTS_DIR)/Count.app/Count";
			};
			name = Release;
		};
		AE769345204A897B0034B2AB /* Debug */ = {
			isa = XCBuildConfiguration;
			buildSettings = {
				ALWAYS_EMBED_SWIFT_STANDARD_LIBRARIES = YES;
				CODE_SIGN_STYLE = Automatic;
				INFOPLIST_FILE = CountUITests/Info.plist;
				LD_RUNPATH_SEARCH_PATHS = "$(inherited) @executable_path/Frameworks @loader_path/Frameworks";
				PRODUCT_BUNDLE_IDENTIFIER = com.litech.CountUITests;
				PRODUCT_NAME = "$(TARGET_NAME)";
				SWIFT_VERSION = 4.0;
				TARGETED_DEVICE_FAMILY = "1,2";
				TEST_TARGET_NAME = Count;
			};
			name = Debug;
		};
		AE769346204A897B0034B2AB /* Release */ = {
			isa = XCBuildConfiguration;
			buildSettings = {
				ALWAYS_EMBED_SWIFT_STANDARD_LIBRARIES = YES;
				CODE_SIGN_STYLE = Automatic;
				INFOPLIST_FILE = CountUITests/Info.plist;
				LD_RUNPATH_SEARCH_PATHS = "$(inherited) @executable_path/Frameworks @loader_path/Frameworks";
				PRODUCT_BUNDLE_IDENTIFIER = com.litech.CountUITests;
				PRODUCT_NAME = "$(TARGET_NAME)";
				SWIFT_VERSION = 4.0;
				TARGETED_DEVICE_FAMILY = "1,2";
				TEST_TARGET_NAME = Count;
			};
			name = Release;
		};
/* End XCBuildConfiguration section */

/* Begin XCConfigurationList section */
		AE769311204A897A0034B2AB /* Build configuration list for PBXProject "Count" */ = {
			isa = XCConfigurationList;
			buildConfigurations = (
				AE76933C204A897B0034B2AB /* Debug */,
				AE76933D204A897B0034B2AB /* Release */,
			);
			defaultConfigurationIsVisible = 0;
			defaultConfigurationName = Release;
		};
		AE76933E204A897B0034B2AB /* Build configuration list for PBXNativeTarget "Count" */ = {
			isa = XCConfigurationList;
			buildConfigurations = (
				AE76933F204A897B0034B2AB /* Debug */,
				AE769340204A897B0034B2AB /* Release */,
			);
			defaultConfigurationIsVisible = 0;
			defaultConfigurationName = Release;
		};
		AE769341204A897B0034B2AB /* Build configuration list for PBXNativeTarget "CountTests" */ = {
			isa = XCConfigurationList;
			buildConfigurations = (
				AE769342204A897B0034B2AB /* Debug */,
				AE769343204A897B0034B2AB /* Release */,
			);
			defaultConfigurationIsVisible = 0;
			defaultConfigurationName = Release;
		};
		AE769344204A897B0034B2AB /* Build configuration list for PBXNativeTarget "CountUITests" */ = {
			isa = XCConfigurationList;
			buildConfigurations = (
				AE769345204A897B0034B2AB /* Debug */,
				AE769346204A897B0034B2AB /* Release */,
			);
			defaultConfigurationIsVisible = 0;
			defaultConfigurationName = Release;
		};
/* End XCConfigurationList section */
	};
	rootObject = AE76930E204A897A0034B2AB /* Project object */;
}
